
Microsoft Visual Studio Solution File, Format Version 12.00
# Visual Studio Version 17
VisualStudioVersion = 17.14.36119.2
MinimumVisualStudioVersion = 10.0.40219.1
Project("{8BC9CEB8-8B4A-11D0-8D11-00A0C91BC942}") = "Ray3D", "Ray3D\Ray3D.vcxproj", "{2A1B5FF6-17F8-6F4C-210D-998932B5A9F2}"
EndProject
Project("{2150E333-8FDC-42A3-9474-1A3956D46DE8}") = "Solution Items", "Solution Items", "{8EC462FD-D22E-90A8-E5CE-7E832BA40C5D}"
	ProjectSection(SolutionItems) = preProject
		Include\helper_cuda.h = Include\helper_cuda.h
	EndProjectSection
EndProject
Global
	GlobalSection(SolutionConfigurationPlatforms) = preSolution
		Debug|x64 = Debug|x64
		Release|x64 = Release|x64
	EndGlobalSection
	GlobalSection(ProjectConfigurationPlatforms) = postSolution
		{2A1B5FF6-17F8-6F4C-210D-998932B5A9F2}.Debug|x64.ActiveCfg = Debug|x64
		{2A1B5FF6-17F8-6F4C-210D-998932B5A9F2}.Debug|x64.Build.0 = Debug|x64
		{2A1B5FF6-17F8-6F4C-210D-998932B5A9F2}.Release|x64.ActiveCfg = Release|x64
		{2A1B5FF6-17F8-6F4C-210D-998932B5A9F2}.Release|x64.Build.0 = Release|x64
	EndGlobalSection
	GlobalSection(SolutionProperties) = preSolution
		HideSolutionNode = FALSE
	EndGlobalSection
	GlobalSection(ExtensibilityGlobals) = postSolution
		SolutionGuid = {7BC8B86C-E878-4A82-92A2-3264D9BE13D6}
	EndGlobalSection
EndGlobal
